// !$*UTF8*$!
{
	archiveVersion = 1;
	classes = {
	};
	objectVersion = 46;
	objects = {

/* Begin PBXBuildFile section */
		F251BC311F86B3FB00E3FE10 /* CellViewModel.swift in Sources */ = {isa = PBXBuildFile; fileRef = F251BC301F86B3FB00E3FE10 /* CellViewModel.swift */; };
		F252FF251F796B460068F423 /* CellA.swift in Sources */ = {isa = PBXBuildFile; fileRef = F252FF231F796B460068F423 /* CellA.swift */; };
		F252FF261F796B460068F423 /* CellA.xib in Resources */ = {isa = PBXBuildFile; fileRef = F252FF241F796B460068F423 /* CellA.xib */; };
		F252FF2C1F799BD80068F423 /* CellB.swift in Sources */ = {isa = PBXBuildFile; fileRef = F252FF2A1F799BD80068F423 /* CellB.swift */; };
		F252FF2D1F799BD80068F423 /* CellB.xib in Resources */ = {isa = PBXBuildFile; fileRef = F252FF2B1F799BD80068F423 /* CellB.xib */; };
		F252FF301F799D180068F423 /* CellC.swift in Sources */ = {isa = PBXBuildFile; fileRef = F252FF2E1F799D180068F423 /* CellC.swift */; };
		F252FF311F799D180068F423 /* CellC.xib in Resources */ = {isa = PBXBuildFile; fileRef = F252FF2F1F799D180068F423 /* CellC.xib */; };
		F252FF351F7AB62D0068F423 /* BasicCVLayout.swift in Sources */ = {isa = PBXBuildFile; fileRef = F252FF341F7AB62D0068F423 /* BasicCVLayout.swift */; };
		F2D491291F85329500EA90E2 /* ItemCellViewModelA.swift in Sources */ = {isa = PBXBuildFile; fileRef = F2D491281F85329500EA90E2 /* ItemCellViewModelA.swift */; };
		F2D4912B1F85329D00EA90E2 /* ItemCellViewModelB.swift in Sources */ = {isa = PBXBuildFile; fileRef = F2D4912A1F85329D00EA90E2 /* ItemCellViewModelB.swift */; };
		F2D4912D1F8532A600EA90E2 /* ItemCellViewModelC.swift in Sources */ = {isa = PBXBuildFile; fileRef = F2D4912C1F8532A600EA90E2 /* ItemCellViewModelC.swift */; };
		F2D4912F1F8538A600EA90E2 /* ModelFormatting.swift in Sources */ = {isa = PBXBuildFile; fileRef = F2D4912E1F8538A600EA90E2 /* ModelFormatting.swift */; };
		F2F95D0F1F72F9FC0049D380 /* AppDelegate.swift in Sources */ = {isa = PBXBuildFile; fileRef = F2F95D0E1F72F9FC0049D380 /* AppDelegate.swift */; };
		F2F95D111F72F9FC0049D380 /* ViewController.swift in Sources */ = {isa = PBXBuildFile; fileRef = F2F95D101F72F9FC0049D380 /* ViewController.swift */; };
		F2F95D141F72F9FC0049D380 /* Main.storyboard in Resources */ = {isa = PBXBuildFile; fileRef = F2F95D121F72F9FC0049D380 /* Main.storyboard */; };
		F2F95D161F72F9FC0049D380 /* Assets.xcassets in Resources */ = {isa = PBXBuildFile; fileRef = F2F95D151F72F9FC0049D380 /* Assets.xcassets */; };
		F2F95D191F72F9FC0049D380 /* LaunchScreen.storyboard in Resources */ = {isa = PBXBuildFile; fileRef = F2F95D171F72F9FC0049D380 /* LaunchScreen.storyboard */; };
		F2F95D2D1F7438810049D380 /* CellConfigurable.swift in Sources */ = {isa = PBXBuildFile; fileRef = F2F95D2C1F7438810049D380 /* CellConfigurable.swift */; };
		F2F95D2F1F74392F0049D380 /* Items.swift in Sources */ = {isa = PBXBuildFile; fileRef = F2F95D2E1F74392F0049D380 /* Items.swift */; };
		F2F95D311F7441920049D380 /* CollectionViewDataSource.swift in Sources */ = {isa = PBXBuildFile; fileRef = F2F95D301F7441920049D380 /* CollectionViewDataSource.swift */; };
		F2F95D341F758B890049D380 /* ArrayDataSource.swift in Sources */ = {isa = PBXBuildFile; fileRef = F2F95D331F758B890049D380 /* ArrayDataSource.swift */; };
		F2F95D421F75C0DC0049D380 /* DataProvider.swift in Sources */ = {isa = PBXBuildFile; fileRef = F2F95D411F75C0DC0049D380 /* DataProvider.swift */; };
/* End PBXBuildFile section */

/* Begin PBXFileReference section */
		F251BC301F86B3FB00E3FE10 /* CellViewModel.swift */ = {isa = PBXFileReference; lastKnownFileType = sourcecode.swift; path = CellViewModel.swift; sourceTree = "<group>"; };
		F252FF231F796B460068F423 /* CellA.swift */ = {isa = PBXFileReference; lastKnownFileType = sourcecode.swift; path = CellA.swift; sourceTree = "<group>"; };
		F252FF241F796B460068F423 /* CellA.xib */ = {isa = PBXFileReference; lastKnownFileType = file.xib; name = CellA.xib; path = ../CellNibs/CellA.xib; sourceTree = "<group>"; };
		F252FF2A1F799BD80068F423 /* CellB.swift */ = {isa = PBXFileReference; lastKnownFileType = sourcecode.swift; path = CellB.swift; sourceTree = "<group>"; };
		F252FF2B1F799BD80068F423 /* CellB.xib */ = {isa = PBXFileReference; lastKnownFileType = file.xib; path = CellB.xib; sourceTree = "<group>"; };
		F252FF2E1F799D180068F423 /* CellC.swift */ = {isa = PBXFileReference; lastKnownFileType = sourcecode.swift; path = CellC.swift; sourceTree = "<group>"; };
		F252FF2F1F799D180068F423 /* CellC.xib */ = {isa = PBXFileReference; lastKnownFileType = file.xib; path = CellC.xib; sourceTree = "<group>"; };
		F252FF341F7AB62D0068F423 /* BasicCVLayout.swift */ = {isa = PBXFileReference; lastKnownFileType = sourcecode.swift; path = BasicCVLayout.swift; sourceTree = "<group>"; };
		F2D491281F85329500EA90E2 /* ItemCellViewModelA.swift */ = {isa = PBXFileReference; lastKnownFileType = sourcecode.swift; path = ItemCellViewModelA.swift; sourceTree = "<group>"; };
		F2D4912A1F85329D00EA90E2 /* ItemCellViewModelB.swift */ = {isa = PBXFileReference; lastKnownFileType = sourcecode.swift; path = ItemCellViewModelB.swift; sourceTree = "<group>"; };
		F2D4912C1F8532A600EA90E2 /* ItemCellViewModelC.swift */ = {isa = PBXFileReference; lastKnownFileType = sourcecode.swift; path = ItemCellViewModelC.swift; sourceTree = "<group>"; };
		F2D4912E1F8538A600EA90E2 /* ModelFormatting.swift */ = {isa = PBXFileReference; lastKnownFileType = sourcecode.swift; path = ModelFormatting.swift; sourceTree = "<group>"; };
		F2F95D0B1F72F9FC0049D380 /* GenericTypes.app */ = {isa = PBXFileReference; explicitFileType = wrapper.application; includeInIndex = 0; path = GenericTypes.app; sourceTree = BUILT_PRODUCTS_DIR; };
		F2F95D0E1F72F9FC0049D380 /* AppDelegate.swift */ = {isa = PBXFileReference; lastKnownFileType = sourcecode.swift; path = AppDelegate.swift; sourceTree = "<group>"; };
		F2F95D101F72F9FC0049D380 /* ViewController.swift */ = {isa = PBXFileReference; lastKnownFileType = sourcecode.swift; path = ViewController.swift; sourceTree = "<group>"; };
		F2F95D131F72F9FC0049D380 /* Base */ = {isa = PBXFileReference; lastKnownFileType = file.storyboard; name = Base; path = Base.lproj/Main.storyboard; sourceTree = "<group>"; };
		F2F95D151F72F9FC0049D380 /* Assets.xcassets */ = {isa = PBXFileReference; lastKnownFileType = folder.assetcatalog; path = Assets.xcassets; sourceTree = "<group>"; };
		F2F95D181F72F9FC0049D380 /* Base */ = {isa = PBXFileReference; lastKnownFileType = file.storyboard; name = Base; path = Base.lproj/LaunchScreen.storyboard; sourceTree = "<group>"; };
		F2F95D1A1F72F9FC0049D380 /* Info.plist */ = {isa = PBXFileReference; lastKnownFileType = text.plist.xml; path = Info.plist; sourceTree = "<group>"; };
		F2F95D2C1F7438810049D380 /* CellConfigurable.swift */ = {isa = PBXFileReference; fileEncoding = 4; lastKnownFileType = sourcecode.swift; path = CellConfigurable.swift; sourceTree = "<group>"; };
		F2F95D2E1F74392F0049D380 /* Items.swift */ = {isa = PBXFileReference; fileEncoding = 4; lastKnownFileType = sourcecode.swift; path = Items.swift; sourceTree = "<group>"; };
		F2F95D301F7441920049D380 /* CollectionViewDataSource.swift */ = {isa = PBXFileReference; fileEncoding = 4; lastKnownFileType = sourcecode.swift; path = CollectionViewDataSource.swift; sourceTree = "<group>"; };
		F2F95D331F758B890049D380 /* ArrayDataSource.swift */ = {isa = PBXFileReference; fileEncoding = 4; lastKnownFileType = sourcecode.swift; path = ArrayDataSource.swift; sourceTree = "<group>"; };
		F2F95D411F75C0DC0049D380 /* DataProvider.swift */ = {isa = PBXFileReference; fileEncoding = 4; lastKnownFileType = sourcecode.swift; path = DataProvider.swift; sourceTree = "<group>"; };
/* End PBXFileReference section */

/* Begin PBXFrameworksBuildPhase section */
		F2F95D081F72F9FC0049D380 /* Frameworks */ = {
			isa = PBXFrameworksBuildPhase;
			buildActionMask = 2147483647;
			files = (
			);
			runOnlyForDeploymentPostprocessing = 0;
		};
/* End PBXFrameworksBuildPhase section */

/* Begin PBXGroup section */
		F251BC321F86B57600E3FE10 /* Support */ = {
			isa = PBXGroup;
			children = (
				F2F95D151F72F9FC0049D380 /* Assets.xcassets */,
			);
			path = Support;
			sourceTree = "<group>";
		};
		F252FF221F7958CE0068F423 /* ViewControllers */ = {
			isa = PBXGroup;
			children = (
				F2F95D101F72F9FC0049D380 /* ViewController.swift */,
			);
			path = ViewControllers;
			sourceTree = "<group>";
		};
		F252FF271F796B4B0068F423 /* CellNibs */ = {
			isa = PBXGroup;
			children = (
				F252FF241F796B460068F423 /* CellA.xib */,
				F252FF2B1F799BD80068F423 /* CellB.xib */,
				F252FF2F1F799D180068F423 /* CellC.xib */,
			);
			path = CellNibs;
			sourceTree = "<group>";
		};
		F2D491271F85325600EA90E2 /* ViewModels */ = {
			isa = PBXGroup;
			children = (
				F2D491281F85329500EA90E2 /* ItemCellViewModelA.swift */,
				F2D4912A1F85329D00EA90E2 /* ItemCellViewModelB.swift */,
				F2D4912C1F8532A600EA90E2 /* ItemCellViewModelC.swift */,
			);
			path = ViewModels;
			sourceTree = "<group>";
		};
		F2F95D021F72F9FC0049D380 = {
			isa = PBXGroup;
			children = (
				F2F95D0D1F72F9FC0049D380 /* GenericTypes */,
				F2F95D0C1F72F9FC0049D380 /* Products */,
			);
			sourceTree = "<group>";
		};
		F2F95D0C1F72F9FC0049D380 /* Products */ = {
			isa = PBXGroup;
			children = (
				F2F95D0B1F72F9FC0049D380 /* GenericTypes.app */,
			);
			name = Products;
			sourceTree = "<group>";
		};
		F2F95D0D1F72F9FC0049D380 /* GenericTypes */ = {
			isa = PBXGroup;
			children = (
				F2F95D1A1F72F9FC0049D380 /* Info.plist */,
				F2F95D0E1F72F9FC0049D380 /* AppDelegate.swift */,
				F2F95D121F72F9FC0049D380 /* Main.storyboard */,
				F2F95D171F72F9FC0049D380 /* LaunchScreen.storyboard */,
				F2F95D321F75723D0049D380 /* Models */,
				F2F95D241F74372F0049D380 /* Views */,
				F2D491271F85325600EA90E2 /* ViewModels */,
				F252FF221F7958CE0068F423 /* ViewControllers */,
				F2F95D3E1F7596CF0049D380 /* CollectionViewDataSources */,
				F2F95D2B1F74383B0049D380 /* Protocols */,
				F251BC321F86B57600E3FE10 /* Support */,
			);
			path = GenericTypes;
			sourceTree = "<group>";
		};
		F2F95D241F74372F0049D380 /* Views */ = {
			isa = PBXGroup;
			children = (
				F252FF231F796B460068F423 /* CellA.swift */,
				F252FF2A1F799BD80068F423 /* CellB.swift */,
				F252FF2E1F799D180068F423 /* CellC.swift */,
				F252FF271F796B4B0068F423 /* CellNibs */,
			);
			path = Views;
			sourceTree = "<group>";
		};
		F2F95D2B1F74383B0049D380 /* Protocols */ = {
			isa = PBXGroup;
			children = (
				F2F95D2C1F7438810049D380 /* CellConfigurable.swift */,
				F2D4912E1F8538A600EA90E2 /* ModelFormatting.swift */,
				F251BC301F86B3FB00E3FE10 /* CellViewModel.swift */,
				F2F95D411F75C0DC0049D380 /* DataProvider.swift */,
			);
			path = Protocols;
			sourceTree = "<group>";
		};
		F2F95D321F75723D0049D380 /* Models */ = {
			isa = PBXGroup;
			children = (
				F2F95D2E1F74392F0049D380 /* Items.swift */,
				F252FF341F7AB62D0068F423 /* BasicCVLayout.swift */,
			);
			path = Models;
			sourceTree = "<group>";
		};
		F2F95D3E1F7596CF0049D380 /* CollectionViewDataSources */ = {
			isa = PBXGroup;
			children = (
				F2F95D301F7441920049D380 /* CollectionViewDataSource.swift */,
				F2F95D331F758B890049D380 /* ArrayDataSource.swift */,
			);
			path = CollectionViewDataSources;
			sourceTree = "<group>";
		};
/* End PBXGroup section */

/* Begin PBXNativeTarget section */
		F2F95D0A1F72F9FC0049D380 /* GenericTypes */ = {
			isa = PBXNativeTarget;
			buildConfigurationList = F2F95D1D1F72F9FC0049D380 /* Build configuration list for PBXNativeTarget "GenericTypes" */;
			buildPhases = (
				F2F95D071F72F9FC0049D380 /* Sources */,
				F2F95D081F72F9FC0049D380 /* Frameworks */,
				F2F95D091F72F9FC0049D380 /* Resources */,
			);
			buildRules = (
			);
			dependencies = (
			);
			name = GenericTypes;
			productName = GenericTypes;
			productReference = F2F95D0B1F72F9FC0049D380 /* GenericTypes.app */;
			productType = "com.apple.product-type.application";
		};
/* End PBXNativeTarget section */

/* Begin PBXProject section */
		F2F95D031F72F9FC0049D380 /* Project object */ = {
			isa = PBXProject;
			attributes = {
				LastSwiftUpdateCheck = 0830;
				LastUpgradeCheck = 0830;
				ORGANIZATIONNAME = "Jonathan Jones";
				TargetAttributes = {
					F2F95D0A1F72F9FC0049D380 = {
						CreatedOnToolsVersion = 8.3.3;
						ProvisioningStyle = Automatic;
					};
				};
			};
			buildConfigurationList = F2F95D061F72F9FC0049D380 /* Build configuration list for PBXProject "GenericTypes" */;
			compatibilityVersion = "Xcode 3.2";
			developmentRegion = English;
			hasScannedForEncodings = 0;
			knownRegions = (
				en,
				Base,
			);
			mainGroup = F2F95D021F72F9FC0049D380;
			productRefGroup = F2F95D0C1F72F9FC0049D380 /* Products */;
			projectDirPath = "";
			projectRoot = "";
			targets = (
				F2F95D0A1F72F9FC0049D380 /* GenericTypes */,
			);
		};
/* End PBXProject section */

/* Begin PBXResourcesBuildPhase section */
		F2F95D091F72F9FC0049D380 /* Resources */ = {
			isa = PBXResourcesBuildPhase;
			buildActionMask = 2147483647;
			files = (
				F2F95D191F72F9FC0049D380 /* LaunchScreen.storyboard in Resources */,
				F252FF311F799D180068F423 /* CellC.xib in Resources */,
				F252FF2D1F799BD80068F423 /* CellB.xib in Resources */,
				F2F95D161F72F9FC0049D380 /* Assets.xcassets in Resources */,
				F2F95D141F72F9FC0049D380 /* Main.storyboard in Resources */,
				F252FF261F796B460068F423 /* CellA.xib in Resources */,
			);
			runOnlyForDeploymentPostprocessing = 0;
		};
/* End PBXResourcesBuildPhase section */

/* Begin PBXSourcesBuildPhase section */
		F2F95D071F72F9FC0049D380 /* Sources */ = {
			isa = PBXSourcesBuildPhase;
			buildActionMask = 2147483647;
			files = (
				F2D491291F85329500EA90E2 /* ItemCellViewModelA.swift in Sources */,
				F2D4912F1F8538A600EA90E2 /* ModelFormatting.swift in Sources */,
				F252FF2C1F799BD80068F423 /* CellB.swift in Sources */,
				F252FF301F799D180068F423 /* CellC.swift in Sources */,
				F2F95D341F758B890049D380 /* ArrayDataSource.swift in Sources */,
				F252FF251F796B460068F423 /* CellA.swift in Sources */,
				F2D4912B1F85329D00EA90E2 /* ItemCellViewModelB.swift in Sources */,
				F2F95D111F72F9FC0049D380 /* ViewController.swift in Sources */,
				F2F95D2D1F7438810049D380 /* CellConfigurable.swift in Sources */,
				F2D4912D1F8532A600EA90E2 /* ItemCellViewModelC.swift in Sources */,
				F251BC311F86B3FB00E3FE10 /* CellViewModel.swift in Sources */,
				F2F95D0F1F72F9FC0049D380 /* AppDelegate.swift in Sources */,
				F2F95D421F75C0DC0049D380 /* DataProvider.swift in Sources */,
				F2F95D311F7441920049D380 /* CollectionViewDataSource.swift in Sources */,
				F2F95D2F1F74392F0049D380 /* Items.swift in Sources */,
				F252FF351F7AB62D0068F423 /* BasicCVLayout.swift in Sources */,
			);
			runOnlyForDeploymentPostprocessing = 0;
		};
/* End PBXSourcesBuildPhase section */

/* Begin PBXVariantGroup section */
		F2F95D121F72F9FC0049D380 /* Main.storyboard */ = {
			isa = PBXVariantGroup;
			children = (
				F2F95D131F72F9FC0049D380 /* Base */,
			);
			name = Main.storyboard;
			sourceTree = "<group>";
		};
		F2F95D171F72F9FC0049D380 /* LaunchScreen.storyboard */ = {
			isa = PBXVariantGroup;
			children = (
				F2F95D181F72F9FC0049D380 /* Base */,
			);
			name = LaunchScreen.storyboard;
			sourceTree = "<group>";
		};
/* End PBXVariantGroup section */

/* Begin XCBuildConfiguration section */
		F2F95D1B1F72F9FC0049D380 /* Debug */ = {
			isa = XCBuildConfiguration;
			buildSettings = {
				ALWAYS_SEARCH_USER_PATHS = NO;
				CLANG_ANALYZER_NONNULL = YES;
				CLANG_ANALYZER_NUMBER_OBJECT_CONVERSION = YES_AGGRESSIVE;
				CLANG_CXX_LANGUAGE_STANDARD = "gnu++0x";
				CLANG_CXX_LIBRARY = "libc++";
				CLANG_ENABLE_MODULES = YES;
				CLANG_ENABLE_OBJC_ARC = YES;
				CLANG_WARN_BOOL_CONVERSION = YES;
				CLANG_WARN_CONSTANT_CONVERSION = YES;
				CLANG_WARN_DIRECT_OBJC_ISA_USAGE = YES_ERROR;
				CLANG_WARN_DOCUMENTATION_COMMENTS = YES;
				CLANG_WARN_EMPTY_BODY = YES;
				CLANG_WARN_ENUM_CONVERSION = YES;
				CLANG_WARN_INFINITE_RECURSION = YES;
				CLANG_WARN_INT_CONVERSION = YES;
				CLANG_WARN_OBJC_ROOT_CLASS = YES_ERROR;
				CLANG_WARN_SUSPICIOUS_MOVE = YES;
				CLANG_WARN_UNREACHABLE_CODE = YES;
				CLANG_WARN__DUPLICATE_METHOD_MATCH = YES;
				"CODE_SIGN_IDENTITY[sdk=iphoneos*]" = "iPhone Developer";
				COPY_PHASE_STRIP = NO;
				DEBUG_INFORMATION_FORMAT = dwarf;
				ENABLE_STRICT_OBJC_MSGSEND = YES;
				ENABLE_TESTABILITY = YES;
				GCC_C_LANGUAGE_STANDARD = gnu99;
				GCC_DYNAMIC_NO_PIC = NO;
				GCC_NO_COMMON_BLOCKS = YES;
				GCC_OPTIMIZATION_LEVEL = 0;
				GCC_PREPROCESSOR_DEFINITIONS = (
					"DEBUG=1",
					"$(inherited)",
				);
				GCC_WARN_64_TO_32_BIT_CONVERSION = YES;
				GCC_WARN_ABOUT_RETURN_TYPE = YES_ERROR;
				GCC_WARN_UNDECLARED_SELECTOR = YES;
				GCC_WARN_UNINITIALIZED_AUTOS = YES_AGGRESSIVE;
				GCC_WARN_UNUSED_FUNCTION = YES;
				GCC_WARN_UNUSED_VARIABLE = YES;
				IPHONEOS_DEPLOYMENT_TARGET = 10.3;
				MTL_ENABLE_DEBUG_INFO = YES;
				ONLY_ACTIVE_ARCH = YES;
				SDKROOT = iphoneos;
				SWIFT_ACTIVE_COMPILATION_CONDITIONS = DEBUG;
				SWIFT_OPTIMIZATION_LEVEL = "-Onone";
				TARGETED_DEVICE_FAMILY = "1,2";
			};
			name = Debug;
		};
		F2F95D1C1F72F9FC0049D380 /* Release */ = {
			isa = XCBuildConfiguration;
			buildSettings = {
				ALWAYS_SEARCH_USER_PATHS = NO;
				CLANG_ANALYZER_NONNULL = YES;
				CLANG_ANALYZER_NUMBER_OBJECT_CONVERSION = YES_AGGRESSIVE;
				CLANG_CXX_LANGUAGE_STANDARD = "gnu++0x";
				CLANG_CXX_LIBRARY = "libc++";
				CLANG_ENABLE_MODULES = YES;
				CLANG_ENABLE_OBJC_ARC = YES;
				CLANG_WARN_BOOL_CONVERSION = YES;
				CLANG_WARN_CONSTANT_CONVERSION = YES;
				CLANG_WARN_DIRECT_OBJC_ISA_USAGE = YES_ERROR;
				CLANG_WARN_DOCUMENTATION_COMMENTS = YES;
				CLANG_WARN_EMPTY_BODY = YES;
				CLANG_WARN_ENUM_CONVERSION = YES;
				CLANG_WARN_INFINITE_RECURSION = YES;
				CLANG_WARN_INT_CONVERSION = YES;
				CLANG_WARN_OBJC_ROOT_CLASS = YES_ERROR;
				CLANG_WARN_SUSPICIOUS_MOVE = YES;
				CLANG_WARN_UNREACHABLE_CODE = YES;
				CLANG_WARN__DUPLICATE_METHOD_MATCH = YES;
				"CODE_SIGN_IDENTITY[sdk=iphoneos*]" = "iPhone Developer";
				COPY_PHASE_STRIP = NO;
				DEBUG_INFORMATION_FORMAT = "dwarf-with-dsym";
				ENABLE_NS_ASSERTIONS = NO;
				ENABLE_STRICT_OBJC_MSGSEND = YES;
				GCC_C_LANGUAGE_STANDARD = gnu99;
				GCC_NO_COMMON_BLOCKS = YES;
				GCC_WARN_64_TO_32_BIT_CONVERSION = YES;
				GCC_WARN_ABOUT_RETURN_TYPE = YES_ERROR;
				GCC_WARN_UNDECLARED_SELECTOR = YES;
				GCC_WARN_UNINITIALIZED_AUTOS = YES_AGGRESSIVE;
				GCC_WARN_UNUSED_FUNCTION = YES;
				GCC_WARN_UNUSED_VARIABLE = YES;
				IPHONEOS_DEPLOYMENT_TARGET = 10.3;
				MTL_ENABLE_DEBUG_INFO = NO;
				SDKROOT = iphoneos;
				SWIFT_OPTIMIZATION_LEVEL = "-Owholemodule";
				TARGETED_DEVICE_FAMILY = "1,2";
				VALIDATE_PRODUCT = YES;
			};
			name = Release;
		};
		F2F95D1E1F72F9FC0049D380 /* Debug */ = {
			isa = XCBuildConfiguration;
			buildSettings = {
				ASSETCATALOG_COMPILER_APPICON_NAME = AppIcon;
				INFOPLIST_FILE = GenericTypes/Info.plist;
				LD_RUNPATH_SEARCH_PATHS = "$(inherited) @executable_path/Frameworks";
				PRODUCT_BUNDLE_IDENTIFIER = nerdery.GenericTypes;
				PRODUCT_NAME = "$(TARGET_NAME)";
				SWIFT_VERSION = 3.0;
			};
			name = Debug;
		};
		F2F95D1F1F72F9FC0049D380 /* Release */ = {
			isa = XCBuildConfiguration;
			buildSettings = {
				ASSETCATALOG_COMPILER_APPICON_NAME = AppIcon;
				INFOPLIST_FILE = GenericTypes/Info.plist;
				LD_RUNPATH_SEARCH_PATHS = "$(inherited) @executable_path/Frameworks";
				PRODUCT_BUNDLE_IDENTIFIER = nerdery.GenericTypes;
				PRODUCT_NAME = "$(TARGET_NAME)";
				SWIFT_VERSION = 3.0;
			};
			name = Release;
		};
/* End XCBuildConfiguration section */

/* Begin XCConfigurationList section */
		F2F95D061F72F9FC0049D380 /* Build configuration list for PBXProject "GenericTypes" */ = {
			isa = XCConfigurationList;
			buildConfigurations = (
				F2F95D1B1F72F9FC0049D380 /* Debug */,
				F2F95D1C1F72F9FC0049D380 /* Release */,
			);
			defaultConfigurationIsVisible = 0;
			defaultConfigurationName = Release;
		};
		F2F95D1D1F72F9FC0049D380 /* Build configuration list for PBXNativeTarget "GenericTypes" */ = {
			isa = XCConfigurationList;
			buildConfigurations = (
				F2F95D1E1F72F9FC0049D380 /* Debug */,
				F2F95D1F1F72F9FC0049D380 /* Release */,
			);
			defaultConfigurationIsVisible = 0;
			defaultConfigurationName = Release;
		};
/* End XCConfigurationList section */
	};
	rootObject = F2F95D031F72F9FC0049D380 /* Project object */;
}
